
Microsoft Visual Studio Solution File, Format Version 12.00
# Visual Studio Version 17
VisualStudioVersion = 17.1.32228.430
MinimumVisualStudioVersion = 10.0.40219.1
Project("{9A19103F-16F7-4668-BE54-9A1E7A4F7556}") = "streamdecksatisfactory", "streamdecksatisfactory.csproj", "{0A97B933-B60B-41A5-A85D-4E2C20211EFC}"
EndProject
Global
	GlobalSection(SolutionConfigurationPlatforms) = preSolution
		Debug|Any CPU = Debug|Any CPU
		Release|Any CPU = Release|Any CPU
	EndGlobalSection
	GlobalSection(ProjectConfigurationPlatforms) = postSolution
		{0A97B933-B60B-41A5-A85D-4E2C20211EFC}.Debug|Any CPU.ActiveCfg = Debug|Any CPU
		{0A97B933-B60B-41A5-A85D-4E2C20211EFC}.Debug|Any CPU.Build.0 = Debug|Any CPU
		{0A97B933-B60B-41A5-A85D-4E2C20211EFC}.Release|Any CPU.ActiveCfg = Release|Any CPU
		{0A97B933-B60B-41A5-A85D-4E2C20211EFC}.Release|Any CPU.Build.0 = Release|Any CPU
	EndGlobalSection
	GlobalSection(SolutionProperties) = preSolution
		HideSolutionNode = FALSE
	EndGlobalSection
	GlobalSection(ExtensibilityGlobals) = postSolution
		SolutionGuid = {FC315A9A-21C5-44B8-BBC9-48699C048B2C}
	EndGlobalSection
EndGlobal
